
Microsoft Visual Studio Solution File, Format Version 12.00
# Visual Studio Version 16
VisualStudioVersion = 16.0.33529.622
MinimumVisualStudioVersion = 10.0.40219.1
Project("{FAE04EC0-301F-11D3-BF4B-00C04F79EFBC}") = "helpme", "helpme.csproj", "{1B279203-B554-47FB-92C9-43DD7A40AE52}"
EndProject
Global
	GlobalSection(SolutionConfigurationPlatforms) = preSolution
		Debug|Any CPU = Debug|Any CPU
		Release|Any CPU = Release|Any CPU
	EndGlobalSection
	GlobalSection(ProjectConfigurationPlatforms) = postSolution
		{1B279203-B554-47FB-92C9-43DD7A40AE52}.Debug|Any CPU.ActiveCfg = Debug|Any CPU
		{1B279203-B554-47FB-92C9-43DD7A40AE52}.Debug|Any CPU.Build.0 = Debug|Any CPU
		{1B279203-B554-47FB-92C9-43DD7A40AE52}.Release|Any CPU.ActiveCfg = Release|Any CPU
		{1B279203-B554-47FB-92C9-43DD7A40AE52}.Release|Any CPU.Build.0 = Release|Any CPU
	EndGlobalSection
	GlobalSection(SolutionProperties) = preSolution
		HideSolutionNode = FALSE
	EndGlobalSection
	GlobalSection(ExtensibilityGlobals) = postSolution
		SolutionGuid = {F92CC1CC-7D0D-4C8E-A1A8-914050608E17}
	EndGlobalSection
EndGlobal
